Microsoft Visual Studio Solution File, Format Version 11.00
# Visual Studio 2008

Project("{FFFA35A2-8FA9-6D44-3DEC-A9338605F4C4}") = "New FPS", "Assembly-CSharp.csproj", "{FAB005AB-9319-6676-5A80-6B810D25912B}"
EndProject
Global
	GlobalSection(SolutionConfigurationPlatforms) = preSolution
		Debug|Any CPU = Debug|Any CPU
		Release|Any CPU = Release|Any CPU
	EndGlobalSection
	GlobalSection(ProjectConfigurationPlatforms) = postSolution
		{FAB005AB-9319-6676-5A80-6B810D25912B}.Debug|Any CPU.ActiveCfg = Debug|Any CPU
		{FAB005AB-9319-6676-5A80-6B810D25912B}.Debug|Any CPU.Build.0 = Debug|Any CPU
		{FAB005AB-9319-6676-5A80-6B810D25912B}.Release|Any CPU.ActiveCfg = Release|Any CPU
		{FAB005AB-9319-6676-5A80-6B810D25912B}.Release|Any CPU.Build.0 = Release|Any CPU
	EndGlobalSection
	GlobalSection(SolutionProperties) = preSolution
		HideSolutionNode = FALSE
	EndGlobalSection
	GlobalSection(MonoDevelopProperties) = preSolution
		StartupItem = Assembly-CSharp.csproj
	EndGlobalSection
EndGlobal
